name: update-flake-lock

on:
  schedule:
    - cron: "0 6 * * 1" # Mondays 06:00 UTC
  workflow_dispatch: # manual trigger from the Actions tab

jobs:
  update:
    runs-on: ubuntu-latest
    permissions:
      contents: write
      pull-requests: write
    steps:
      - uses: actions/checkout@v4
      - uses: cachix/install-nix-action@v31
      - run: nix flake update
      # Only open a PR if everything still evaluates with the new inputs
      - run: nix run .#check
      - uses: peter-evans/create-pull-request@v7
        with:
          branch: update-flake-lock
          commit-message: Update flake.lock
          title: Update flake.lock
          body: Weekly input bump. `nix flake check --no-build --all-systems` passed.
